// !$*UTF8*$!
{
	archiveVersion = 1;
	classes = {
	};
	objectVersion = 55;
	objects = {

/* Begin PBXBuildFile section */
		A13FDEBB28991B3F00B584E7 /* TestTekApp.swift in Sources */ = {isa = PBXBuildFile; fileRef = A13FDEBA28991B3F00B584E7 /* TestTekApp.swift */; };
		A13FDEBD28991B3F00B584E7 /* ContentView.swift in Sources */ = {isa = PBXBuildFile; fileRef = A13FDEBC28991B3F00B584E7 /* ContentView.swift */; };
		A13FDEBF28991B4000B584E7 /* Assets.xcassets in Resources */ = {isa = PBXBuildFile; fileRef = A13FDEBE28991B4000B584E7 /* Assets.xcassets */; };
		A13FDEC228991B4000B584E7 /* Preview Assets.xcassets in Resources */ = {isa = PBXBuildFile; fileRef = A13FDEC128991B4000B584E7 /* Preview Assets.xcassets */; };
		A13FDECC28991B4000B584E7 /* TestTekTests.swift in Sources */ = {isa = PBXBuildFile; fileRef = A13FDECB28991B4000B584E7 /* TestTekTests.swift */; };
		A13FDED628991B4000B584E7 /* TestTekUITests.swift in Sources */ = {isa = PBXBuildFile; fileRef = A13FDED528991B4000B584E7 /* TestTekUITests.swift */; };
		A13FDED828991B4000B584E7 /* TestTekUITestsLaunchTests.swift in Sources */ = {isa = PBXBuildFile; fileRef = A13FDED728991B4000B584E7 /* TestTekUITestsLaunchTests.swift */; };
		A13FDEE628991D4400B584E7 /* APIService.swift in Sources */ = {isa = PBXBuildFile; fileRef = A13FDEE528991D4400B584E7 /* APIService.swift */; };
		A13FDEE92899240700B584E7 /* Reachability in Frameworks */ = {isa = PBXBuildFile; productRef = A13FDEE82899240700B584E7 /* Reachability */; };
		A13FDEEB2899263C00B584E7 /* TemplateManager.swift in Sources */ = {isa = PBXBuildFile; fileRef = A13FDEEA2899263C00B584E7 /* TemplateManager.swift */; };
		A13FDEED28992CD600B584E7 /* Template.swift in Sources */ = {isa = PBXBuildFile; fileRef = A13FDEEC28992CD600B584E7 /* Template.swift */; };
		A13FDEEF289946B500B584E7 /* TemplateListViewModel.swift in Sources */ = {isa = PBXBuildFile; fileRef = A13FDEEE289946B500B584E7 /* TemplateListViewModel.swift */; };
		A13FDEF1289946E500B584E7 /* ViewModelFactory.swift in Sources */ = {isa = PBXBuildFile; fileRef = A13FDEF0289946E400B584E7 /* ViewModelFactory.swift */; };
		A13FDEF428994A6000B584E7 /* TemplateData.swift in Sources */ = {isa = PBXBuildFile; fileRef = A13FDEF328994A6000B584E7 /* TemplateData.swift */; };
		A13FDEF628994AB500B584E7 /* TemplateAnchor.swift in Sources */ = {isa = PBXBuildFile; fileRef = A13FDEF528994AB500B584E7 /* TemplateAnchor.swift */; };
		A13FDEF828994AD700B584E7 /* TemplateMediaContentMode.swift in Sources */ = {isa = PBXBuildFile; fileRef = A13FDEF728994AD700B584E7 /* TemplateMediaContentMode.swift */; };
		A13FDEFA289955BC00B584E7 /* StringExtension.swift in Sources */ = {isa = PBXBuildFile; fileRef = A13FDEF9289955BC00B584E7 /* StringExtension.swift */; };
		A13FDEFD2899630A00B584E7 /* TemplateListView.swift in Sources */ = {isa = PBXBuildFile; fileRef = A13FDEFC2899630A00B584E7 /* TemplateListView.swift */; };
		A13FDF0028997F5300B584E7 /* TemplateView.swift in Sources */ = {isa = PBXBuildFile; fileRef = A13FDEFF28997F5300B584E7 /* TemplateView.swift */; };
		A1A9B70128998E4600C3DB8D /* ColorExtension.swift in Sources */ = {isa = PBXBuildFile; fileRef = A1A9B70028998E4600C3DB8D /* ColorExtension.swift */; };
		A1A9B70728999BD900C3DB8D /* TemplateViewController.swift in Sources */ = {isa = PBXBuildFile; fileRef = A1A9B70628999BD900C3DB8D /* TemplateViewController.swift */; };
		A1A9B70928999C9500C3DB8D /* TemplateRenderView.swift in Sources */ = {isa = PBXBuildFile; fileRef = A1A9B70828999C9500C3DB8D /* TemplateRenderView.swift */; };
		A1A9B70B2899A8E300C3DB8D /* UIColorExtension.swift in Sources */ = {isa = PBXBuildFile; fileRef = A1A9B70A2899A8E300C3DB8D /* UIColorExtension.swift */; };
		A1A9B70D2899B5AD00C3DB8D /* UIImageExtension.swift in Sources */ = {isa = PBXBuildFile; fileRef = A1A9B70C2899B5AD00C3DB8D /* UIImageExtension.swift */; };
		A1A9B70F2899CCA100C3DB8D /* templates.json in Resources */ = {isa = PBXBuildFile; fileRef = A1A9B70E2899CCA100C3DB8D /* templates.json */; };
/* End PBXBuildFile section */

/* Begin PBXContainerItemProxy section */
		A13FDEC828991B4000B584E7 /* PBXContainerItemProxy */ = {
			isa = PBXContainerItemProxy;
			containerPortal = A13FDEAF28991B3F00B584E7 /* Project object */;
			proxyType = 1;
			remoteGlobalIDString = A13FDEB628991B3F00B584E7;
			remoteInfo = TestTek;
		};
		A13FDED228991B4000B584E7 /* PBXContainerItemProxy */ = {
			isa = PBXContainerItemProxy;
			containerPortal = A13FDEAF28991B3F00B584E7 /* Project object */;
			proxyType = 1;
			remoteGlobalIDString = A13FDEB628991B3F00B584E7;
			remoteInfo = TestTek;
		};
/* End PBXContainerItemProxy section */

/* Begin PBXFileReference section */
		A13FDEB728991B3F00B584E7 /* TestTek.app */ = {isa = PBXFileReference; explicitFileType = wrapper.application; includeInIndex = 0; path = TestTek.app; sourceTree = BUILT_PRODUCTS_DIR; };
		A13FDEBA28991B3F00B584E7 /* TestTekApp.swift */ = {isa = PBXFileReference; lastKnownFileType = sourcecode.swift; path = TestTekApp.swift; sourceTree = "<group>"; };
		A13FDEBC28991B3F00B584E7 /* ContentView.swift */ = {isa = PBXFileReference; lastKnownFileType = sourcecode.swift; path = ContentView.swift; sourceTree = "<group>"; };
		A13FDEBE28991B4000B584E7 /* Assets.xcassets */ = {isa = PBXFileReference; lastKnownFileType = folder.assetcatalog; path = Assets.xcassets; sourceTree = "<group>"; };
		A13FDEC128991B4000B584E7 /* Preview Assets.xcassets */ = {isa = PBXFileReference; lastKnownFileType = folder.assetcatalog; path = "Preview Assets.xcassets"; sourceTree = "<group>"; };
		A13FDEC728991B4000B584E7 /* TestTekTests.xctest */ = {isa = PBXFileReference; explicitFileType = wrapper.cfbundle; includeInIndex = 0; path = TestTekTests.xctest; sourceTree = BUILT_PRODUCTS_DIR; };
		A13FDECB28991B4000B584E7 /* TestTekTests.swift */ = {isa = PBXFileReference; lastKnownFileType = sourcecode.swift; path = TestTekTests.swift; sourceTree = "<group>"; };
		A13FDED128991B4000B584E7 /* TestTekUITests.xctest */ = {isa = PBXFileReference; explicitFileType = wrapper.cfbundle; includeInIndex = 0; path = TestTekUITests.xctest; sourceTree = BUILT_PRODUCTS_DIR; };
		A13FDED528991B4000B584E7 /* TestTekUITests.swift */ = {isa = PBXFileReference; lastKnownFileType = sourcecode.swift; path = TestTekUITests.swift; sourceTree = "<group>"; };
		A13FDED728991B4000B584E7 /* TestTekUITestsLaunchTests.swift */ = {isa = PBXFileReference; lastKnownFileType = sourcecode.swift; path = TestTekUITestsLaunchTests.swift; sourceTree = "<group>"; };
		A13FDEE528991D4400B584E7 /* APIService.swift */ = {isa = PBXFileReference; lastKnownFileType = sourcecode.swift; path = APIService.swift; sourceTree = "<group>"; };
		A13FDEEA2899263C00B584E7 /* TemplateManager.swift */ = {isa = PBXFileReference; lastKnownFileType = sourcecode.swift; path = TemplateManager.swift; sourceTree = "<group>"; };
		A13FDEEC28992CD600B584E7 /* Template.swift */ = {isa = PBXFileReference; lastKnownFileType = sourcecode.swift; path = Template.swift; sourceTree = "<group>"; };
		A13FDEEE289946B500B584E7 /* TemplateListViewModel.swift */ = {isa = PBXFileReference; lastKnownFileType = sourcecode.swift; path = TemplateListViewModel.swift; sourceTree = "<group>"; };
		A13FDEF0289946E400B584E7 /* ViewModelFactory.swift */ = {isa = PBXFileReference; lastKnownFileType = sourcecode.swift; path = ViewModelFactory.swift; sourceTree = "<group>"; };
		A13FDEF328994A6000B584E7 /* TemplateData.swift */ = {isa = PBXFileReference; lastKnownFileType = sourcecode.swift; path = TemplateData.swift; sourceTree = "<group>"; };
		A13FDEF528994AB500B584E7 /* TemplateAnchor.swift */ = {isa = PBXFileReference; lastKnownFileType = sourcecode.swift; path = TemplateAnchor.swift; sourceTree = "<group>"; };
		A13FDEF728994AD700B584E7 /* TemplateMediaContentMode.swift */ = {isa = PBXFileReference; lastKnownFileType = sourcecode.swift; path = TemplateMediaContentMode.swift; sourceTree = "<group>"; };
		A13FDEF9289955BC00B584E7 /* StringExtension.swift */ = {isa = PBXFileReference; lastKnownFileType = sourcecode.swift; path = StringExtension.swift; sourceTree = "<group>"; };
		A13FDEFC2899630A00B584E7 /* TemplateListView.swift */ = {isa = PBXFileReference; lastKnownFileType = sourcecode.swift; path = TemplateListView.swift; sourceTree = "<group>"; };
		A13FDEFF28997F5300B584E7 /* TemplateView.swift */ = {isa = PBXFileReference; lastKnownFileType = sourcecode.swift; path = TemplateView.swift; sourceTree = "<group>"; };
		A1A9B70028998E4600C3DB8D /* ColorExtension.swift */ = {isa = PBXFileReference; lastKnownFileType = sourcecode.swift; path = ColorExtension.swift; sourceTree = "<group>"; };
		A1A9B70628999BD900C3DB8D /* TemplateViewController.swift */ = {isa = PBXFileReference; lastKnownFileType = sourcecode.swift; path = TemplateViewController.swift; sourceTree = "<group>"; };
		A1A9B70828999C9500C3DB8D /* TemplateRenderView.swift */ = {isa = PBXFileReference; lastKnownFileType = sourcecode.swift; path = TemplateRenderView.swift; sourceTree = "<group>"; };
		A1A9B70A2899A8E300C3DB8D /* UIColorExtension.swift */ = {isa = PBXFileReference; lastKnownFileType = sourcecode.swift; path = UIColorExtension.swift; sourceTree = "<group>"; };
		A1A9B70C2899B5AD00C3DB8D /* UIImageExtension.swift */ = {isa = PBXFileReference; lastKnownFileType = sourcecode.swift; path = UIImageExtension.swift; sourceTree = "<group>"; };
		A1A9B70E2899CCA100C3DB8D /* templates.json */ = {isa = PBXFileReference; fileEncoding = 4; lastKnownFileType = text.json; path = templates.json; sourceTree = "<group>"; };
/* End PBXFileReference section */

/* Begin PBXFrameworksBuildPhase section */
		A13FDEB428991B3F00B584E7 /* Frameworks */ = {
			isa = PBXFrameworksBuildPhase;
			buildActionMask = 2147483647;
			files = (
				A13FDEE92899240700B584E7 /* Reachability in Frameworks */,
			);
			runOnlyForDeploymentPostprocessing = 0;
		};
		A13FDEC428991B4000B584E7 /* Frameworks */ = {
			isa = PBXFrameworksBuildPhase;
			buildActionMask = 2147483647;
			files = (
			);
			runOnlyForDeploymentPostprocessing = 0;
		};
		A13FDECE28991B4000B584E7 /* Frameworks */ = {
			isa = PBXFrameworksBuildPhase;
			buildActionMask = 2147483647;
			files = (
			);
			runOnlyForDeploymentPostprocessing = 0;
		};
/* End PBXFrameworksBuildPhase section */

/* Begin PBXGroup section */
		A13FDEAE28991B3F00B584E7 = {
			isa = PBXGroup;
			children = (
				A13FDEB928991B3F00B584E7 /* TestTek */,
				A13FDECA28991B4000B584E7 /* TestTekTests */,
				A13FDED428991B4000B584E7 /* TestTekUITests */,
				A13FDEB828991B3F00B584E7 /* Products */,
			);
			sourceTree = "<group>";
		};
		A13FDEB828991B3F00B584E7 /* Products */ = {
			isa = PBXGroup;
			children = (
				A13FDEB728991B3F00B584E7 /* TestTek.app */,
				A13FDEC728991B4000B584E7 /* TestTekTests.xctest */,
				A13FDED128991B4000B584E7 /* TestTekUITests.xctest */,
			);
			name = Products;
			sourceTree = "<group>";
		};
		A13FDEB928991B3F00B584E7 /* TestTek */ = {
			isa = PBXGroup;
			children = (
				A13FDEFB2899571100B584E7 /* Extensions */,
				A13FDEE428991CDA00B584E7 /* Data */,
				A13FDEBA28991B3F00B584E7 /* TestTekApp.swift */,
				A13FDEBC28991B3F00B584E7 /* ContentView.swift */,
				A13FDEEE289946B500B584E7 /* TemplateListViewModel.swift */,
				A13FDEF0289946E400B584E7 /* ViewModelFactory.swift */,
				A13FDEBE28991B4000B584E7 /* Assets.xcassets */,
				A13FDEC028991B4000B584E7 /* Preview Content */,
				A13FDEFC2899630A00B584E7 /* TemplateListView.swift */,
				A13FDEFF28997F5300B584E7 /* TemplateView.swift */,
				A1A9B70628999BD900C3DB8D /* TemplateViewController.swift */,
				A1A9B70828999C9500C3DB8D /* TemplateRenderView.swift */,
			);
			path = TestTek;
			sourceTree = "<group>";
		};
		A13FDEC028991B4000B584E7 /* Preview Content */ = {
			isa = PBXGroup;
			children = (
				A13FDEC128991B4000B584E7 /* Preview Assets.xcassets */,
			);
			path = "Preview Content";
			sourceTree = "<group>";
		};
		A13FDECA28991B4000B584E7 /* TestTekTests */ = {
			isa = PBXGroup;
			children = (
				A13FDECB28991B4000B584E7 /* TestTekTests.swift */,
			);
			path = TestTekTests;
			sourceTree = "<group>";
		};
		A13FDED428991B4000B584E7 /* TestTekUITests */ = {
			isa = PBXGroup;
			children = (
				A13FDED528991B4000B584E7 /* TestTekUITests.swift */,
				A13FDED728991B4000B584E7 /* TestTekUITestsLaunchTests.swift */,
			);
			path = TestTekUITests;
			sourceTree = "<group>";
		};
		A13FDEE428991CDA00B584E7 /* Data */ = {
			isa = PBXGroup;
			children = (
				A1A9B70E2899CCA100C3DB8D /* templates.json */,
				A13FDEFE289975C100B584E7 /* Manager */,
				A13FDEF228994A4100B584E7 /* Model */,
			);
			path = Data;
			sourceTree = "<group>";
		};
		A13FDEF228994A4100B584E7 /* Model */ = {
			isa = PBXGroup;
			children = (
				A13FDEEC28992CD600B584E7 /* Template.swift */,
				A13FDEF328994A6000B584E7 /* TemplateData.swift */,
				A13FDEF528994AB500B584E7 /* TemplateAnchor.swift */,
				A13FDEF728994AD700B584E7 /* TemplateMediaContentMode.swift */,
			);
			path = Model;
			sourceTree = "<group>";
		};
		A13FDEFB2899571100B584E7 /* Extensions */ = {
			isa = PBXGroup;
			children = (
				A13FDEF9289955BC00B584E7 /* StringExtension.swift */,
				A1A9B70028998E4600C3DB8D /* ColorExtension.swift */,
				A1A9B70A2899A8E300C3DB8D /* UIColorExtension.swift */,
				A1A9B70C2899B5AD00C3DB8D /* UIImageExtension.swift */,
			);
			path = Extensions;
			sourceTree = "<group>";
		};
		A13FDEFE289975C100B584E7 /* Manager */ = {
			isa = PBXGroup;
			children = (
				A13FDEE528991D4400B584E7 /* APIService.swift */,
				A13FDEEA2899263C00B584E7 /* TemplateManager.swift */,
			);
			path = Manager;
			sourceTree = "<group>";
		};
/* End PBXGroup section */

/* Begin PBXNativeTarget section */
		A13FDEB628991B3F00B584E7 /* TestTek */ = {
			isa = PBXNativeTarget;
			buildConfigurationList = A13FDEDB28991B4000B584E7 /* Build configuration list for PBXNativeTarget "TestTek" */;
			buildPhases = (
				A13FDEB328991B3F00B584E7 /* Sources */,
				A13FDEB428991B3F00B584E7 /* Frameworks */,
				A13FDEB528991B3F00B584E7 /* Resources */,
			);
			buildRules = (
			);
			dependencies = (
			);
			name = TestTek;
			packageProductDependencies = (
				A13FDEE82899240700B584E7 /* Reachability */,
			);
			productName = TestTek;
			productReference = A13FDEB728991B3F00B584E7 /* TestTek.app */;
			productType = "com.apple.product-type.application";
		};
		A13FDEC628991B4000B584E7 /* TestTekTests */ = {
			isa = PBXNativeTarget;
			buildConfigurationList = A13FDEDE28991B4000B584E7 /* Build configuration list for PBXNativeTarget "TestTekTests" */;
			buildPhases = (
				A13FDEC328991B4000B584E7 /* Sources */,
				A13FDEC428991B4000B584E7 /* Frameworks */,
				A13FDEC528991B4000B584E7 /* Resources */,
			);
			buildRules = (
			);
			dependencies = (
				A13FDEC928991B4000B584E7 /* PBXTargetDependency */,
			);
			name = TestTekTests;
			productName = TestTekTests;
			productReference = A13FDEC728991B4000B584E7 /* TestTekTests.xctest */;
			productType = "com.apple.product-type.bundle.unit-test";
		};
		A13FDED028991B4000B584E7 /* TestTekUITests */ = {
			isa = PBXNativeTarget;
			buildConfigurationList = A13FDEE128991B4000B584E7 /* Build configuration list for PBXNativeTarget "TestTekUITests" */;
			buildPhases = (
				A13FDECD28991B4000B584E7 /* Sources */,
				A13FDECE28991B4000B584E7 /* Frameworks */,
				A13FDECF28991B4000B584E7 /* Resources */,
			);
			buildRules = (
			);
			dependencies = (
				A13FDED328991B4000B584E7 /* PBXTargetDependency */,
			);
			name = TestTekUITests;
			productName = TestTekUITests;
			productReference = A13FDED128991B4000B584E7 /* TestTekUITests.xctest */;
			productType = "com.apple.product-type.bundle.ui-testing";
		};
/* End PBXNativeTarget section */

/* Begin PBXProject section */
		A13FDEAF28991B3F00B584E7 /* Project object */ = {
			isa = PBXProject;
			attributes = {
				BuildIndependentTargetsInParallel = 1;
				LastSwiftUpdateCheck = 1340;
				LastUpgradeCheck = 1340;
				TargetAttributes = {
					A13FDEB628991B3F00B584E7 = {
						CreatedOnToolsVersion = 13.4.1;
					};
					A13FDEC628991B4000B584E7 = {
						CreatedOnToolsVersion = 13.4.1;
						TestTargetID = A13FDEB628991B3F00B584E7;
					};
					A13FDED028991B4000B584E7 = {
						CreatedOnToolsVersion = 13.4.1;
						TestTargetID = A13FDEB628991B3F00B584E7;
					};
				};
			};
			buildConfigurationList = A13FDEB228991B3F00B584E7 /* Build configuration list for PBXProject "TestTek" */;
			compatibilityVersion = "Xcode 13.0";
			developmentRegion = en;
			hasScannedForEncodings = 0;
			knownRegions = (
				en,
				Base,
			);
			mainGroup = A13FDEAE28991B3F00B584E7;
			packageReferences = (
				A13FDEE72899240700B584E7 /* XCRemoteSwiftPackageReference "Reachability.swift" */,
			);
			productRefGroup = A13FDEB828991B3F00B584E7 /* Products */;
			projectDirPath = "";
			projectRoot = "";
			targets = (
				A13FDEB628991B3F00B584E7 /* TestTek */,
				A13FDEC628991B4000B584E7 /* TestTekTests */,
				A13FDED028991B4000B584E7 /* TestTekUITests */,
			);
		};
/* End PBXProject section */

/* Begin PBXResourcesBuildPhase section */
		A13FDEB528991B3F00B584E7 /* Resources */ = {
			isa = PBXResourcesBuildPhase;
			buildActionMask = 2147483647;
			files = (
				A1A9B70F2899CCA100C3DB8D /* templates.json in Resources */,
				A13FDEC228991B4000B584E7 /* Preview Assets.xcassets in Resources */,
				A13FDEBF28991B4000B584E7 /* Assets.xcassets in Resources */,
			);
			runOnlyForDeploymentPostprocessing = 0;
		};
		A13FDEC528991B4000B584E7 /* Resources */ = {
			isa = PBXResourcesBuildPhase;
			buildActionMask = 2147483647;
			files = (
			);
			runOnlyForDeploymentPostprocessing = 0;
		};
		A13FDECF28991B4000B584E7 /* Resources */ = {
			isa = PBXResourcesBuildPhase;
			buildActionMask = 2147483647;
			files = (
			);
			runOnlyForDeploymentPostprocessing = 0;
		};
/* End PBXResourcesBuildPhase section */

/* Begin PBXSourcesBuildPhase section */
		A13FDEB328991B3F00B584E7 /* Sources */ = {
			isa = PBXSourcesBuildPhase;
			buildActionMask = 2147483647;
			files = (
				A1A9B70B2899A8E300C3DB8D /* UIColorExtension.swift in Sources */,
				A13FDEED28992CD600B584E7 /* Template.swift in Sources */,
				A13FDEBD28991B3F00B584E7 /* ContentView.swift in Sources */,
				A13FDEEB2899263C00B584E7 /* TemplateManager.swift in Sources */,
				A13FDEF428994A6000B584E7 /* TemplateData.swift in Sources */,
				A1A9B70D2899B5AD00C3DB8D /* UIImageExtension.swift in Sources */,
				A13FDF0028997F5300B584E7 /* TemplateView.swift in Sources */,
				A13FDEFD2899630A00B584E7 /* TemplateListView.swift in Sources */,
				A13FDEF628994AB500B584E7 /* TemplateAnchor.swift in Sources */,
				A13FDEE628991D4400B584E7 /* APIService.swift in Sources */,
				A1A9B70128998E4600C3DB8D /* ColorExtension.swift in Sources */,
				A13FDEEF289946B500B584E7 /* TemplateListViewModel.swift in Sources */,
				A1A9B70928999C9500C3DB8D /* TemplateRenderView.swift in Sources */,
				A13FDEBB28991B3F00B584E7 /* TestTekApp.swift in Sources */,
				A1A9B70728999BD900C3DB8D /* TemplateViewController.swift in Sources */,
				A13FDEF1289946E500B584E7 /* ViewModelFactory.swift in Sources */,
				A13FDEFA289955BC00B584E7 /* StringExtension.swift in Sources */,
				A13FDEF828994AD700B584E7 /* TemplateMediaContentMode.swift in Sources */,
			);
			runOnlyForDeploymentPostprocessing = 0;
		};
		A13FDEC328991B4000B584E7 /* Sources */ = {
			isa = PBXSourcesBuildPhase;
			buildActionMask = 2147483647;
			files = (
				A13FDECC28991B4000B584E7 /* TestTekTests.swift in Sources */,
			);
			runOnlyForDeploymentPostprocessing = 0;
		};
		A13FDECD28991B4000B584E7 /* Sources */ = {
			isa = PBXSourcesBuildPhase;
			buildActionMask = 2147483647;
			files = (
				A13FDED628991B4000B584E7 /* TestTekUITests.swift in Sources */,
				A13FDED828991B4000B584E7 /* TestTekUITestsLaunchTests.swift in Sources */,
			);
			runOnlyForDeploymentPostprocessing = 0;
		};
/* End PBXSourcesBuildPhase section */

/* Begin PBXTargetDependency section */
		A13FDEC928991B4000B584E7 /* PBXTargetDependency */ = {
			isa = PBXTargetDependency;
			target = A13FDEB628991B3F00B584E7 /* TestTek */;
			targetProxy = A13FDEC828991B4000B584E7 /* PBXContainerItemProxy */;
		};
		A13FDED328991B4000B584E7 /* PBXTargetDependency */ = {
			isa = PBXTargetDependency;
			target = A13FDEB628991B3F00B584E7 /* TestTek */;
			targetProxy = A13FDED228991B4000B584E7 /* PBXContainerItemProxy */;
		};
/* End PBXTargetDependency section */

/* Begin XCBuildConfiguration section */
		A13FDED928991B4000B584E7 /* Debug */ = {
			isa = XCBuildConfiguration;
			buildSettings = {
				ALWAYS_SEARCH_USER_PATHS = NO;
				CLANG_ANALYZER_NONNULL = YES;
				CLANG_ANALYZER_NUMBER_OBJECT_CONVERSION = YES_AGGRESSIVE;
				CLANG_CXX_LANGUAGE_STANDARD = "gnu++17";
				CLANG_ENABLE_MODULES = YES;
				CLANG_ENABLE_OBJC_ARC = YES;
				CLANG_ENABLE_OBJC_WEAK = YES;
				CLANG_WARN_BLOCK_CAPTURE_AUTORELEASING = YES;
				CLANG_WARN_BOOL_CONVERSION = YES;
				CLANG_WARN_COMMA = YES;
				CLANG_WARN_CONSTANT_CONVERSION = YES;
				CLANG_WARN_DEPRECATED_OBJC_IMPLEMENTATIONS = YES;
				CLANG_WARN_DIRECT_OBJC_ISA_USAGE = YES_ERROR;
				CLANG_WARN_DOCUMENTATION_COMMENTS = YES;
				CLANG_WARN_EMPTY_BODY = YES;
				CLANG_WARN_ENUM_CONVERSION = YES;
				CLANG_WARN_INFINITE_RECURSION = YES;
				CLANG_WARN_INT_CONVERSION = YES;
				CLANG_WARN_NON_LITERAL_NULL_CONVERSION = YES;
				CLANG_WARN_OBJC_IMPLICIT_RETAIN_SELF = YES;
				CLANG_WARN_OBJC_LITERAL_CONVERSION = YES;
				CLANG_WARN_OBJC_ROOT_CLASS = YES_ERROR;
				CLANG_WARN_QUOTED_INCLUDE_IN_FRAMEWORK_HEADER = YES;
				CLANG_WARN_RANGE_LOOP_ANALYSIS = YES;
				CLANG_WARN_STRICT_PROTOTYPES = YES;
				CLANG_WARN_SUSPICIOUS_MOVE = YES;
				CLANG_WARN_UNGUARDED_AVAILABILITY = YES_AGGRESSIVE;
				CLANG_WARN_UNREACHABLE_CODE = YES;
				CLANG_WARN__DUPLICATE_METHOD_MATCH = YES;
				COPY_PHASE_STRIP = NO;
				DEBUG_INFORMATION_FORMAT = dwarf;
				ENABLE_STRICT_OBJC_MSGSEND = YES;
				ENABLE_TESTABILITY = YES;
				GCC_C_LANGUAGE_STANDARD = gnu11;
				GCC_DYNAMIC_NO_PIC = NO;
				GCC_NO_COMMON_BLOCKS = YES;
				GCC_OPTIMIZATION_LEVEL = 0;
				GCC_PREPROCESSOR_DEFINITIONS = (
					"DEBUG=1",
					"$(inherited)",
				);
				GCC_WARN_64_TO_32_BIT_CONVERSION = YES;
				GCC_WARN_ABOUT_RETURN_TYPE = YES_ERROR;
				GCC_WARN_UNDECLARED_SELECTOR = YES;
				GCC_WARN_UNINITIALIZED_AUTOS = YES_AGGRESSIVE;
				GCC_WARN_UNUSED_FUNCTION = YES;
				GCC_WARN_UNUSED_VARIABLE = YES;
				IPHONEOS_DEPLOYMENT_TARGET = 14.0;
				MTL_ENABLE_DEBUG_INFO = INCLUDE_SOURCE;
				MTL_FAST_MATH = YES;
				ONLY_ACTIVE_ARCH = YES;
				SDKROOT = iphoneos;
				SWIFT_ACTIVE_COMPILATION_CONDITIONS = DEBUG;
				SWIFT_OPTIMIZATION_LEVEL = "-Onone";
			};
			name = Debug;
		};
		A13FDEDA28991B4000B584E7 /* Release */ = {
			isa = XCBuildConfiguration;
			buildSettings = {
				ALWAYS_SEARCH_USER_PATHS = NO;
				CLANG_ANALYZER_NONNULL = YES;
				CLANG_ANALYZER_NUMBER_OBJECT_CONVERSION = YES_AGGRESSIVE;
				CLANG_CXX_LANGUAGE_STANDARD = "gnu++17";
				CLANG_ENABLE_MODULES = YES;
				CLANG_ENABLE_OBJC_ARC = YES;
				CLANG_ENABLE_OBJC_WEAK = YES;
				CLANG_WARN_BLOCK_CAPTURE_AUTORELEASING = YES;
				CLANG_WARN_BOOL_CONVERSION = YES;
				CLANG_WARN_COMMA = YES;
				CLANG_WARN_CONSTANT_CONVERSION = YES;
				CLANG_WARN_DEPRECATED_OBJC_IMPLEMENTATIONS = YES;
				CLANG_WARN_DIRECT_OBJC_ISA_USAGE = YES_ERROR;
				CLANG_WARN_DOCUMENTATION_COMMENTS = YES;
				CLANG_WARN_EMPTY_BODY = YES;
				CLANG_WARN_ENUM_CONVERSION = YES;
				CLANG_WARN_INFINITE_RECURSION = YES;
				CLANG_WARN_INT_CONVERSION = YES;
				CLANG_WARN_NON_LITERAL_NULL_CONVERSION = YES;
				CLANG_WARN_OBJC_IMPLICIT_RETAIN_SELF = YES;
				CLANG_WARN_OBJC_LITERAL_CONVERSION = YES;
				CLANG_WARN_OBJC_ROOT_CLASS = YES_ERROR;
				CLANG_WARN_QUOTED_INCLUDE_IN_FRAMEWORK_HEADER = YES;
				CLANG_WARN_RANGE_LOOP_ANALYSIS = YES;
				CLANG_WARN_STRICT_PROTOTYPES = YES;
				CLANG_WARN_SUSPICIOUS_MOVE = YES;
				CLANG_WARN_UNGUARDED_AVAILABILITY = YES_AGGRESSIVE;
				CLANG_WARN_UNREACHABLE_CODE = YES;
				CLANG_WARN__DUPLICATE_METHOD_MATCH = YES;
				COPY_PHASE_STRIP = NO;
				DEBUG_INFORMATION_FORMAT = "dwarf-with-dsym";
				ENABLE_NS_ASSERTIONS = NO;
				ENABLE_STRICT_OBJC_MSGSEND = YES;
				GCC_C_LANGUAGE_STANDARD = gnu11;
				GCC_NO_COMMON_BLOCKS = YES;
				GCC_WARN_64_TO_32_BIT_CONVERSION = YES;
				GCC_WARN_ABOUT_RETURN_TYPE = YES_ERROR;
				GCC_WARN_UNDECLARED_SELECTOR = YES;
				GCC_WARN_UNINITIALIZED_AUTOS = YES_AGGRESSIVE;
				GCC_WARN_UNUSED_FUNCTION = YES;
				GCC_WARN_UNUSED_VARIABLE = YES;
				IPHONEOS_DEPLOYMENT_TARGET = 14.0;
				MTL_ENABLE_DEBUG_INFO = NO;
				MTL_FAST_MATH = YES;
				SDKROOT = iphoneos;
				SWIFT_COMPILATION_MODE = wholemodule;
				SWIFT_OPTIMIZATION_LEVEL = "-O";
				VALIDATE_PRODUCT = YES;
			};
			name = Release;
		};
		A13FDEDC28991B4000B584E7 /* Debug */ = {
			isa = XCBuildConfiguration;
			buildSettings = {
				ASSETCATALOG_COMPILER_APPICON_NAME = AppIcon;
				ASSETCATALOG_COMPILER_GLOBAL_ACCENT_COLOR_NAME = AccentColor;
				CODE_SIGN_STYLE = Automatic;
				CURRENT_PROJECT_VERSION = 1;
				DEVELOPMENT_ASSET_PATHS = "\"TestTek/Preview Content\"";
				DEVELOPMENT_TEAM = 6928A48RP7;
				ENABLE_PREVIEWS = YES;
				GENERATE_INFOPLIST_FILE = YES;
				INFOPLIST_KEY_UIApplicationSceneManifest_Generation = YES;
				INFOPLIST_KEY_UIApplicationSupportsIndirectInputEvents = YES;
				INFOPLIST_KEY_UILaunchScreen_Generation = YES;
				INFOPLIST_KEY_UISupportedInterfaceOrientations_iPad = "UIInterfaceOrientationPortrait UIInterfaceOrientationPortraitUpsideDown UIInterfaceOrientationLandscapeLeft UIInterfaceOrientationLandscapeRight";
				INFOPLIST_KEY_UISupportedInterfaceOrientations_iPhone = "UIInterfaceOrientationPortrait UIInterfaceOrientationLandscapeLeft UIInterfaceOrientationLandscapeRight";
				LD_RUNPATH_SEARCH_PATHS = (
					"$(inherited)",
					"@executable_path/Frameworks",
				);
				MARKETING_VERSION = 1.0;
				PRODUCT_BUNDLE_IDENTIFIER = nico.bellon.TestTek;
				PRODUCT_NAME = "$(TARGET_NAME)";
				SWIFT_EMIT_LOC_STRINGS = YES;
				SWIFT_VERSION = 5.0;
				TARGETED_DEVICE_FAMILY = "1,2";
			};
			name = Debug;
		};
		A13FDEDD28991B4000B584E7 /* Release */ = {
			isa = XCBuildConfiguration;
			buildSettings = {
				ASSETCATALOG_COMPILER_APPICON_NAME = AppIcon;
				ASSETCATALOG_COMPILER_GLOBAL_ACCENT_COLOR_NAME = AccentColor;
				CODE_SIGN_STYLE = Automatic;
				CURRENT_PROJECT_VERSION = 1;
				DEVELOPMENT_ASSET_PATHS = "\"TestTek/Preview Content\"";
				DEVELOPMENT_TEAM = 6928A48RP7;
				ENABLE_PREVIEWS = YES;
				GENERATE_INFOPLIST_FILE = YES;
				INFOPLIST_KEY_UIApplicationSceneManifest_Generation = YES;
				INFOPLIST_KEY_UIApplicationSupportsIndirectInputEvents = YES;
				INFOPLIST_KEY_UILaunchScreen_Generation = YES;
				INFOPLIST_KEY_UISupportedInterfaceOrientations_iPad = "UIInterfaceOrientationPortrait UIInterfaceOrientationPortraitUpsideDown UIInterfaceOrientationLandscapeLeft UIInterfaceOrientationLandscapeRight";
				INFOPLIST_KEY_UISupportedInterfaceOrientations_iPhone = "UIInterfaceOrientationPortrait UIInterfaceOrientationLandscapeLeft UIInterfaceOrientationLandscapeRight";
				LD_RUNPATH_SEARCH_PATHS = (
					"$(inherited)",
					"@executable_path/Frameworks",
				);
				MARKETING_VERSION = 1.0;
				PRODUCT_BUNDLE_IDENTIFIER = nico.bellon.TestTek;
				PRODUCT_NAME = "$(TARGET_NAME)";
				SWIFT_EMIT_LOC_STRINGS = YES;
				SWIFT_VERSION = 5.0;
				TARGETED_DEVICE_FAMILY = "1,2";
			};
			name = Release;
		};
		A13FDEDF28991B4000B584E7 /* Debug */ = {
			isa = XCBuildConfiguration;
			buildSettings = {
				ALWAYS_EMBED_SWIFT_STANDARD_LIBRARIES = YES;
				BUNDLE_LOADER = "$(TEST_HOST)";
				CODE_SIGN_STYLE = Automatic;
				CURRENT_PROJECT_VERSION = 1;
				DEVELOPMENT_TEAM = 6928A48RP7;
				GENERATE_INFOPLIST_FILE = YES;
				IPHONEOS_DEPLOYMENT_TARGET = 15.5;
				MARKETING_VERSION = 1.0;
				PRODUCT_BUNDLE_IDENTIFIER = nico.bellon.TestTekTests;
				PRODUCT_NAME = "$(TARGET_NAME)";
				SWIFT_EMIT_LOC_STRINGS = NO;
				SWIFT_VERSION = 5.0;
				TARGETED_DEVICE_FAMILY = "1,2";
				TEST_HOST = "$(BUILT_PRODUCTS_DIR)/TestTek.app/TestTek";
			};
			name = Debug;
		};
		A13FDEE028991B4000B584E7 /* Release */ = {
			isa = XCBuildConfiguration;
			buildSettings = {
				ALWAYS_EMBED_SWIFT_STANDARD_LIBRARIES = YES;
				BUNDLE_LOADER = "$(TEST_HOST)";
				CODE_SIGN_STYLE = Automatic;
				CURRENT_PROJECT_VERSION = 1;
				DEVELOPMENT_TEAM = 6928A48RP7;
				GENERATE_INFOPLIST_FILE = YES;
				IPHONEOS_DEPLOYMENT_TARGET = 15.5;
				MARKETING_VERSION = 1.0;
				PRODUCT_BUNDLE_IDENTIFIER = nico.bellon.TestTekTests;
				PRODUCT_NAME = "$(TARGET_NAME)";
				SWIFT_EMIT_LOC_STRINGS = NO;
				SWIFT_VERSION = 5.0;
				TARGETED_DEVICE_FAMILY = "1,2";
				TEST_HOST = "$(BUILT_PRODUCTS_DIR)/TestTek.app/TestTek";
			};
			name = Release;
		};
		A13FDEE228991B4000B584E7 /* Debug */ = {
			isa = XCBuildConfiguration;
			buildSettings = {
				ALWAYS_EMBED_SWIFT_STANDARD_LIBRARIES = YES;
				CODE_SIGN_STYLE = Automatic;
				CURRENT_PROJECT_VERSION = 1;
				DEVELOPMENT_TEAM = 6928A48RP7;
				GENERATE_INFOPLIST_FILE = YES;
				MARKETING_VERSION = 1.0;
				PRODUCT_BUNDLE_IDENTIFIER = nico.bellon.TestTekUITests;
				PRODUCT_NAME = "$(TARGET_NAME)";
				SWIFT_EMIT_LOC_STRINGS = NO;
				SWIFT_VERSION = 5.0;
				TARGETED_DEVICE_FAMILY = "1,2";
				TEST_TARGET_NAME = TestTek;
			};
			name = Debug;
		};
		A13FDEE328991B4000B584E7 /* Release */ = {
			isa = XCBuildConfiguration;
			buildSettings = {
				ALWAYS_EMBED_SWIFT_STANDARD_LIBRARIES = YES;
				CODE_SIGN_STYLE = Automatic;
				CURRENT_PROJECT_VERSION = 1;
				DEVELOPMENT_TEAM = 6928A48RP7;
				GENERATE_INFOPLIST_FILE = YES;
				MARKETING_VERSION = 1.0;
				PRODUCT_BUNDLE_IDENTIFIER = nico.bellon.TestTekUITests;
				PRODUCT_NAME = "$(TARGET_NAME)";
				SWIFT_EMIT_LOC_STRINGS = NO;
				SWIFT_VERSION = 5.0;
				TARGETED_DEVICE_FAMILY = "1,2";
				TEST_TARGET_NAME = TestTek;
			};
			name = Release;
		};
/* End XCBuildConfiguration section */

/* Begin XCConfigurationList section */
		A13FDEB228991B3F00B584E7 /* Build configuration list for PBXProject "TestTek" */ = {
			isa = XCConfigurationList;
			buildConfigurations = (
				A13FDED928991B4000B584E7 /* Debug */,
				A13FDEDA28991B4000B584E7 /* Release */,
			);
			defaultConfigurationIsVisible = 0;
			defaultConfigurationName = Release;
		};
		A13FDEDB28991B4000B584E7 /* Build configuration list for PBXNativeTarget "TestTek" */ = {
			isa = XCConfigurationList;
			buildConfigurations = (
				A13FDEDC28991B4000B584E7 /* Debug */,
				A13FDEDD28991B4000B584E7 /* Release */,
			);
			defaultConfigurationIsVisible = 0;
			defaultConfigurationName = Release;
		};
		A13FDEDE28991B4000B584E7 /* Build configuration list for PBXNativeTarget "TestTekTests" */ = {
			isa = XCConfigurationList;
			buildConfigurations = (
				A13FDEDF28991B4000B584E7 /* Debug */,
				A13FDEE028991B4000B584E7 /* Release */,
			);
			defaultConfigurationIsVisible = 0;
			defaultConfigurationName = Release;
		};
		A13FDEE128991B4000B584E7 /* Build configuration list for PBXNativeTarget "TestTekUITests" */ = {
			isa = XCConfigurationList;
			buildConfigurations = (
				A13FDEE228991B4000B584E7 /* Debug */,
				A13FDEE328991B4000B584E7 /* Release */,
			);
			defaultConfigurationIsVisible = 0;
			defaultConfigurationName = Release;
		};
/* End XCConfigurationList section */

/* Begin XCRemoteSwiftPackageReference section */
		A13FDEE72899240700B584E7 /* XCRemoteSwiftPackageReference "Reachability.swift" */ = {
			isa = XCRemoteSwiftPackageReference;
			repositoryURL = "https://github.com/ashleymills/Reachability.swift.git";
			requirement = {
				branch = master;
				kind = branch;
			};
		};
/* End XCRemoteSwiftPackageReference section */

/* Begin XCSwiftPackageProductDependency section */
		A13FDEE82899240700B584E7 /* Reachability */ = {
			isa = XCSwiftPackageProductDependency;
			package = A13FDEE72899240700B584E7 /* XCRemoteSwiftPackageReference "Reachability.swift" */;
			productName = Reachability;
		};
/* End XCSwiftPackageProductDependency section */
	};
	rootObject = A13FDEAF28991B3F00B584E7 /* Project object */;
}
